
Microsoft Visual Studio Solution File, Format Version 12.00
# Visual Studio Version 17
VisualStudioVersion = 17.0.31903.59
MinimumVisualStudioVersion = 10.0.40219.1
Project("{FAE04EC0-301F-11D3-BF4B-00C04F79EFBC}") = "M01_Grundlagen", "HelloWPF\M01_Grundlagen.csproj", "{E987489E-F9A4-4CAB-B5E7-1AF2B87F8444}"
EndProject
Project("{FAE04EC0-301F-11D3-BF4B-00C04F79EFBC}") = "M02_Controls", "Controls\M02_Controls.csproj", "{CA248847-6684-456A-8F2C-47A91B3A950F}"
EndProject
Project("{FAE04EC0-301F-11D3-BF4B-00C04F79EFBC}") = "Personendatenbank", "Personendatenbank\Personendatenbank.csproj", "{4051E549-6A94-451C-B20D-89C92BB1989F}"
EndProject
Project("{FAE04EC0-301F-11D3-BF4B-00C04F79EFBC}") = "Container", "Container\Container.csproj", "{8F7660CE-4F9B-46FC-ADEE-D3414504A875}"
EndProject
Global
	GlobalSection(SolutionConfigurationPlatforms) = preSolution
		Debug|Any CPU = Debug|Any CPU
		Release|Any CPU = Release|Any CPU
	EndGlobalSection
	GlobalSection(ProjectConfigurationPlatforms) = postSolution
		{E987489E-F9A4-4CAB-B5E7-1AF2B87F8444}.Debug|Any CPU.ActiveCfg = Debug|Any CPU
		{E987489E-F9A4-4CAB-B5E7-1AF2B87F8444}.Debug|Any CPU.Build.0 = Debug|Any CPU
		{E987489E-F9A4-4CAB-B5E7-1AF2B87F8444}.Release|Any CPU.ActiveCfg = Release|Any CPU
		{E987489E-F9A4-4CAB-B5E7-1AF2B87F8444}.Release|Any CPU.Build.0 = Release|Any CPU
		{CA248847-6684-456A-8F2C-47A91B3A950F}.Debug|Any CPU.ActiveCfg = Debug|Any CPU
		{CA248847-6684-456A-8F2C-47A91B3A950F}.Debug|Any CPU.Build.0 = Debug|Any CPU
		{CA248847-6684-456A-8F2C-47A91B3A950F}.Release|Any CPU.ActiveCfg = Release|Any CPU
		{CA248847-6684-456A-8F2C-47A91B3A950F}.Release|Any CPU.Build.0 = Release|Any CPU
		{4051E549-6A94-451C-B20D-89C92BB1989F}.Debug|Any CPU.ActiveCfg = Debug|Any CPU
		{4051E549-6A94-451C-B20D-89C92BB1989F}.Debug|Any CPU.Build.0 = Debug|Any CPU
		{4051E549-6A94-451C-B20D-89C92BB1989F}.Release|Any CPU.ActiveCfg = Release|Any CPU
		{4051E549-6A94-451C-B20D-89C92BB1989F}.Release|Any CPU.Build.0 = Release|Any CPU
		{8F7660CE-4F9B-46FC-ADEE-D3414504A875}.Debug|Any CPU.ActiveCfg = Debug|Any CPU
		{8F7660CE-4F9B-46FC-ADEE-D3414504A875}.Debug|Any CPU.Build.0 = Debug|Any CPU
		{8F7660CE-4F9B-46FC-ADEE-D3414504A875}.Release|Any CPU.ActiveCfg = Release|Any CPU
		{8F7660CE-4F9B-46FC-ADEE-D3414504A875}.Release|Any CPU.Build.0 = Release|Any CPU
	EndGlobalSection
	GlobalSection(SolutionProperties) = preSolution
		HideSolutionNode = FALSE
	EndGlobalSection
	GlobalSection(ExtensibilityGlobals) = postSolution
		SolutionGuid = {7E048586-D4F6-4BC0-82FC-92C4AFCECFF0}
	EndGlobalSection
EndGlobal
