
Microsoft Visual Studio Solution File, Format Version 12.00
# Visual Studio Version 17
VisualStudioVersion = 17.0.31903.59
MinimumVisualStudioVersion = 10.0.40219.1
Project("{FAE04EC0-301F-11D3-BF4B-00C04F79EFBC}") = "HelloWPF", "HelloWPF\HelloWPF.csproj", "{E987489E-F9A4-4CAB-B5E7-1AF2B87F8444}"
EndProject
Project("{FAE04EC0-301F-11D3-BF4B-00C04F79EFBC}") = "Controls", "Controls\Controls.csproj", "{CA248847-6684-456A-8F2C-47A91B3A950F}"
EndProject
Global
	GlobalSection(SolutionConfigurationPlatforms) = preSolution
		Debug|Any CPU = Debug|Any CPU
		Release|Any CPU = Release|Any CPU
	EndGlobalSection
	GlobalSection(ProjectConfigurationPlatforms) = postSolution
		{E987489E-F9A4-4CAB-B5E7-1AF2B87F8444}.Debug|Any CPU.ActiveCfg = Debug|Any CPU
		{E987489E-F9A4-4CAB-B5E7-1AF2B87F8444}.Debug|Any CPU.Build.0 = Debug|Any CPU
		{E987489E-F9A4-4CAB-B5E7-1AF2B87F8444}.Release|Any CPU.ActiveCfg = Release|Any CPU
		{E987489E-F9A4-4CAB-B5E7-1AF2B87F8444}.Release|Any CPU.Build.0 = Release|Any CPU
		{CA248847-6684-456A-8F2C-47A91B3A950F}.Debug|Any CPU.ActiveCfg = Debug|Any CPU
		{CA248847-6684-456A-8F2C-47A91B3A950F}.Debug|Any CPU.Build.0 = Debug|Any CPU
		{CA248847-6684-456A-8F2C-47A91B3A950F}.Release|Any CPU.ActiveCfg = Release|Any CPU
		{CA248847-6684-456A-8F2C-47A91B3A950F}.Release|Any CPU.Build.0 = Release|Any CPU
	EndGlobalSection
	GlobalSection(SolutionProperties) = preSolution
		HideSolutionNode = FALSE
	EndGlobalSection
	GlobalSection(ExtensibilityGlobals) = postSolution
		SolutionGuid = {7E048586-D4F6-4BC0-82FC-92C4AFCECFF0}
	EndGlobalSection
EndGlobal
